
Microsoft Visual Studio Solution File, Format Version 12.00
# Visual Studio Version 17
VisualStudioVersion = 17.11.35222.181
MinimumVisualStudioVersion = 10.0.40219.1
Project("{8BC9CEB8-8B4A-11D0-8D11-00A0C91BC942}") = "实验4.3", "实验4.3.vcxproj", "{68A0219E-7036-48F0-BB25-0A1F5A3D4B3C}"
EndProject
Global
	GlobalSection(SolutionConfigurationPlatforms) = preSolution
		Debug|x64 = Debug|x64
		Debug|x86 = Debug|x86
		Release|x64 = Release|x64
		Release|x86 = Release|x86
	EndGlobalSection
	GlobalSection(ProjectConfigurationPlatforms) = postSolution
		{68A0219E-7036-48F0-BB25-0A1F5A3D4B3C}.Debug|x64.ActiveCfg = Debug|x64
		{68A0219E-7036-48F0-BB25-0A1F5A3D4B3C}.Debug|x64.Build.0 = Debug|x64
		{68A0219E-7036-48F0-BB25-0A1F5A3D4B3C}.Debug|x86.ActiveCfg = Debug|Win32
		{68A0219E-7036-48F0-BB25-0A1F5A3D4B3C}.Debug|x86.Build.0 = Debug|Win32
		{68A0219E-7036-48F0-BB25-0A1F5A3D4B3C}.Release|x64.ActiveCfg = Release|x64
		{68A0219E-7036-48F0-BB25-0A1F5A3D4B3C}.Release|x64.Build.0 = Release|x64
		{68A0219E-7036-48F0-BB25-0A1F5A3D4B3C}.Release|x86.ActiveCfg = Release|Win32
		{68A0219E-7036-48F0-BB25-0A1F5A3D4B3C}.Release|x86.Build.0 = Release|Win32
	EndGlobalSection
	GlobalSection(SolutionProperties) = preSolution
		HideSolutionNode = FALSE
	EndGlobalSection
	GlobalSection(ExtensibilityGlobals) = postSolution
		SolutionGuid = {4AB9F6DA-FC6B-4D60-AD03-391508DC3873}
	EndGlobalSection
EndGlobal
